PODS:
  - Flutter (1.0.0)
  - system_clock (0.0.1):
    - Flutter

DEPENDENCIES:
  - Flutter (from `Flutter`)
  - system_clock (from `.symlinks/plugins/system_clock/ios`)

EXTERNAL SOURCES:
  Flutter:
    :path: Flutter
  system_clock:
    :path: ".symlinks/plugins/system_clock/ios"

SPEC CHECKSUMS:
  Flutter: 0e3d915762c693b495b44d77113d4970485de6ec
  system_clock: 3efb51d18e565092e2a97bc605c6255f328bd13a

PODFILE CHECKSUM: fe0e1ee7f3d1f7d00b11b474b62dd62134535aea

COCOAPODS: 1.10.0.beta.2
